
Microsoft Visual Studio Solution File, Format Version 12.00
# Visual Studio Version 16
VisualStudioVersion = 16.0.30330.147
MinimumVisualStudioVersion = 10.0.40219.1
Project("{9A19103F-16F7-4668-BE54-9A1E7A4F7556}") = "AirCopyRebirth.Services", "AirCopyRebirth.Services\AirCopyRebirth.Services.csproj", "{B424375B-BA23-41EB-BB43-DC1F85852B7F}"
EndProject
Project("{9A19103F-16F7-4668-BE54-9A1E7A4F7556}") = "AirCopyRebirth.Console", "AirCopyRebirth.Console\AirCopyRebirth.Console.csproj", "{4E8E1009-D815-4E98-8F20-541D2FE0EF0F}"
EndProject
Project("{FAE04EC0-301F-11D3-BF4B-00C04F79EFBC}") = "AirCopyRebirth.Tests", "AirCopyRebirth.Tests\AirCopyRebirth.Tests.csproj", "{3E48F777-14B8-45D4-8F0A-E4E144F3C822}"
EndProject
Global
	GlobalSection(SolutionConfigurationPlatforms) = preSolution
		Debug|Any CPU = Debug|Any CPU
		Release|Any CPU = Release|Any CPU
	EndGlobalSection
	GlobalSection(ProjectConfigurationPlatforms) = postSolution
		{B424375B-BA23-41EB-BB43-DC1F85852B7F}.Debug|Any CPU.ActiveCfg = Debug|Any CPU
		{B424375B-BA23-41EB-BB43-DC1F85852B7F}.Debug|Any CPU.Build.0 = Debug|Any CPU
		{B424375B-BA23-41EB-BB43-DC1F85852B7F}.Release|Any CPU.ActiveCfg = Release|Any CPU
		{B424375B-BA23-41EB-BB43-DC1F85852B7F}.Release|Any CPU.Build.0 = Release|Any CPU
		{4E8E1009-D815-4E98-8F20-541D2FE0EF0F}.Debug|Any CPU.ActiveCfg = Debug|Any CPU
		{4E8E1009-D815-4E98-8F20-541D2FE0EF0F}.Debug|Any CPU.Build.0 = Debug|Any CPU
		{4E8E1009-D815-4E98-8F20-541D2FE0EF0F}.Release|Any CPU.ActiveCfg = Release|Any CPU
		{4E8E1009-D815-4E98-8F20-541D2FE0EF0F}.Release|Any CPU.Build.0 = Release|Any CPU
		{3E48F777-14B8-45D4-8F0A-E4E144F3C822}.Debug|Any CPU.ActiveCfg = Debug|Any CPU
		{3E48F777-14B8-45D4-8F0A-E4E144F3C822}.Debug|Any CPU.Build.0 = Debug|Any CPU
		{3E48F777-14B8-45D4-8F0A-E4E144F3C822}.Release|Any CPU.ActiveCfg = Release|Any CPU
		{3E48F777-14B8-45D4-8F0A-E4E144F3C822}.Release|Any CPU.Build.0 = Release|Any CPU
	EndGlobalSection
	GlobalSection(SolutionProperties) = preSolution
		HideSolutionNode = FALSE
	EndGlobalSection
	GlobalSection(ExtensibilityGlobals) = postSolution
		SolutionGuid = {EAAF3AEC-56B2-4A82-A676-719FD0B142F4}
	EndGlobalSection
EndGlobal
